
Microsoft Visual Studio Solution File, Format Version 12.00
# Visual Studio Version 16
VisualStudioVersion = 16.0.31624.102
MinimumVisualStudioVersion = 10.0.40219.1
Project("{FAE04EC0-301F-11D3-BF4B-00C04F79EFBC}") = "Projet_Partie_1", "Projet_Formation\Projet_Partie_1.csproj", "{4FAD220F-1603-454F-ADD3-9920D579EEA7}"
EndProject
Project("{FAE04EC0-301F-11D3-BF4B-00C04F79EFBC}") = "Projet_Partie_2", "Projet_Partie_2\Projet_Partie_2.csproj", "{FC34DFCC-9B8F-4C86-9E08-716AD391DE1B}"
EndProject
Global
	GlobalSection(SolutionConfigurationPlatforms) = preSolution
		Debug|Any CPU = Debug|Any CPU
		Release|Any CPU = Release|Any CPU
	EndGlobalSection
	GlobalSection(ProjectConfigurationPlatforms) = postSolution
		{4FAD220F-1603-454F-ADD3-9920D579EEA7}.Debug|Any CPU.ActiveCfg = Debug|Any CPU
		{4FAD220F-1603-454F-ADD3-9920D579EEA7}.Debug|Any CPU.Build.0 = Debug|Any CPU
		{4FAD220F-1603-454F-ADD3-9920D579EEA7}.Release|Any CPU.ActiveCfg = Release|Any CPU
		{4FAD220F-1603-454F-ADD3-9920D579EEA7}.Release|Any CPU.Build.0 = Release|Any CPU
		{FC34DFCC-9B8F-4C86-9E08-716AD391DE1B}.Debug|Any CPU.ActiveCfg = Debug|Any CPU
		{FC34DFCC-9B8F-4C86-9E08-716AD391DE1B}.Debug|Any CPU.Build.0 = Debug|Any CPU
		{FC34DFCC-9B8F-4C86-9E08-716AD391DE1B}.Release|Any CPU.ActiveCfg = Release|Any CPU
		{FC34DFCC-9B8F-4C86-9E08-716AD391DE1B}.Release|Any CPU.Build.0 = Release|Any CPU
	EndGlobalSection
	GlobalSection(SolutionProperties) = preSolution
		HideSolutionNode = FALSE
	EndGlobalSection
	GlobalSection(ExtensibilityGlobals) = postSolution
		SolutionGuid = {37D24E50-A598-4933-A18D-A678B328B309}
	EndGlobalSection
EndGlobal
